
Microsoft Visual Studio Solution File, Format Version 12.00
# Visual Studio Version 16
VisualStudioVersion = 16.0.30413.136
MinimumVisualStudioVersion = 10.0.40219.1
Project("{FAE04EC0-301F-11D3-BF4B-00C04F79EFBC}") = "WcfCpuApp", "WcfCpuApp\WcfCpuApp.csproj", "{E543D182-08F3-4242-B4DF-3663B492487F}"
	ProjectSection(ProjectDependencies) = postProject
		{FF5DFADD-0BAE-4470-863F-C0590E37D8F0} = {FF5DFADD-0BAE-4470-863F-C0590E37D8F0}
	EndProjectSection
EndProject
Project("{FAE04EC0-301F-11D3-BF4B-00C04F79EFBC}") = "CpuInfoClient", "CpuInfoClient\CpuInfoClient.csproj", "{4736277F-04B0-4482-B636-38052329E1D8}"
EndProject
Project("{FAE04EC0-301F-11D3-BF4B-00C04F79EFBC}") = "AgenteManager", "AgenteManager\AgenteManager.csproj", "{6E1FF9E8-A20B-4139-B0D2-A6DC45C97E72}"
EndProject
Project("{FAE04EC0-301F-11D3-BF4B-00C04F79EFBC}") = "ServicioMonitor", "ServicioMonitor\ServicioMonitor.csproj", "{7576068D-C33C-4458-9C13-EDA7465D232A}"
EndProject
Project("{FAE04EC0-301F-11D3-BF4B-00C04F79EFBC}") = "Common", "Common\Common.csproj", "{FF5DFADD-0BAE-4470-863F-C0590E37D8F0}"
EndProject
Global
	GlobalSection(SolutionConfigurationPlatforms) = preSolution
		Debug|Any CPU = Debug|Any CPU
		Release|Any CPU = Release|Any CPU
	EndGlobalSection
	GlobalSection(ProjectConfigurationPlatforms) = postSolution
		{E543D182-08F3-4242-B4DF-3663B492487F}.Debug|Any CPU.ActiveCfg = Debug|Any CPU
		{E543D182-08F3-4242-B4DF-3663B492487F}.Debug|Any CPU.Build.0 = Debug|Any CPU
		{E543D182-08F3-4242-B4DF-3663B492487F}.Release|Any CPU.ActiveCfg = Release|Any CPU
		{E543D182-08F3-4242-B4DF-3663B492487F}.Release|Any CPU.Build.0 = Release|Any CPU
		{4736277F-04B0-4482-B636-38052329E1D8}.Debug|Any CPU.ActiveCfg = Debug|Any CPU
		{4736277F-04B0-4482-B636-38052329E1D8}.Debug|Any CPU.Build.0 = Debug|Any CPU
		{4736277F-04B0-4482-B636-38052329E1D8}.Release|Any CPU.ActiveCfg = Release|Any CPU
		{4736277F-04B0-4482-B636-38052329E1D8}.Release|Any CPU.Build.0 = Release|Any CPU
		{6E1FF9E8-A20B-4139-B0D2-A6DC45C97E72}.Debug|Any CPU.ActiveCfg = Debug|Any CPU
		{6E1FF9E8-A20B-4139-B0D2-A6DC45C97E72}.Debug|Any CPU.Build.0 = Debug|Any CPU
		{6E1FF9E8-A20B-4139-B0D2-A6DC45C97E72}.Release|Any CPU.ActiveCfg = Release|Any CPU
		{6E1FF9E8-A20B-4139-B0D2-A6DC45C97E72}.Release|Any CPU.Build.0 = Release|Any CPU
		{7576068D-C33C-4458-9C13-EDA7465D232A}.Debug|Any CPU.ActiveCfg = Debug|Any CPU
		{7576068D-C33C-4458-9C13-EDA7465D232A}.Debug|Any CPU.Build.0 = Debug|Any CPU
		{7576068D-C33C-4458-9C13-EDA7465D232A}.Release|Any CPU.ActiveCfg = Release|Any CPU
		{7576068D-C33C-4458-9C13-EDA7465D232A}.Release|Any CPU.Build.0 = Release|Any CPU
		{FF5DFADD-0BAE-4470-863F-C0590E37D8F0}.Debug|Any CPU.ActiveCfg = Debug|Any CPU
		{FF5DFADD-0BAE-4470-863F-C0590E37D8F0}.Debug|Any CPU.Build.0 = Debug|Any CPU
		{FF5DFADD-0BAE-4470-863F-C0590E37D8F0}.Release|Any CPU.ActiveCfg = Release|Any CPU
		{FF5DFADD-0BAE-4470-863F-C0590E37D8F0}.Release|Any CPU.Build.0 = Release|Any CPU
	EndGlobalSection
	GlobalSection(SolutionProperties) = preSolution
		HideSolutionNode = FALSE
	EndGlobalSection
	GlobalSection(ExtensibilityGlobals) = postSolution
		SolutionGuid = {923C0CCC-F0A1-4969-8876-3E2C9E9832EC}
	EndGlobalSection
EndGlobal
